
Microsoft Visual Studio Solution File, Format Version 12.00
# Visual Studio Version 16
VisualStudioVersion = 16.0.30717.126
MinimumVisualStudioVersion = 10.0.40219.1
Project("{FAE04EC0-301F-11D3-BF4B-00C04F79EFBC}") = "WebUI", "WebUI\WebUI.csproj", "{4A40AD48-2311-4212-92BB-8732B62D0D81}"
EndProject
Project("{FAE04EC0-301F-11D3-BF4B-00C04F79EFBC}") = "Domain", "Domain\Domain.csproj", "{E3FEF1C4-7051-41DC-9139-7010E5CB5912}"
EndProject
Project("{FAE04EC0-301F-11D3-BF4B-00C04F79EFBC}") = "UnitTest", "UnitTest\UnitTest.csproj", "{D912DFB6-D0F6-4366-B4DF-B3FFB1063C05}"
EndProject
Global
	GlobalSection(SolutionConfigurationPlatforms) = preSolution
		Debug|Any CPU = Debug|Any CPU
		Release|Any CPU = Release|Any CPU
	EndGlobalSection
	GlobalSection(ProjectConfigurationPlatforms) = postSolution
		{4A40AD48-2311-4212-92BB-8732B62D0D81}.Debug|Any CPU.ActiveCfg = Debug|Any CPU
		{4A40AD48-2311-4212-92BB-8732B62D0D81}.Debug|Any CPU.Build.0 = Debug|Any CPU
		{4A40AD48-2311-4212-92BB-8732B62D0D81}.Release|Any CPU.ActiveCfg = Release|Any CPU
		{4A40AD48-2311-4212-92BB-8732B62D0D81}.Release|Any CPU.Build.0 = Release|Any CPU
		{E3FEF1C4-7051-41DC-9139-7010E5CB5912}.Debug|Any CPU.ActiveCfg = Debug|Any CPU
		{E3FEF1C4-7051-41DC-9139-7010E5CB5912}.Debug|Any CPU.Build.0 = Debug|Any CPU
		{E3FEF1C4-7051-41DC-9139-7010E5CB5912}.Release|Any CPU.ActiveCfg = Release|Any CPU
		{E3FEF1C4-7051-41DC-9139-7010E5CB5912}.Release|Any CPU.Build.0 = Release|Any CPU
		{D912DFB6-D0F6-4366-B4DF-B3FFB1063C05}.Debug|Any CPU.ActiveCfg = Debug|Any CPU
		{D912DFB6-D0F6-4366-B4DF-B3FFB1063C05}.Debug|Any CPU.Build.0 = Debug|Any CPU
		{D912DFB6-D0F6-4366-B4DF-B3FFB1063C05}.Release|Any CPU.ActiveCfg = Release|Any CPU
		{D912DFB6-D0F6-4366-B4DF-B3FFB1063C05}.Release|Any CPU.Build.0 = Release|Any CPU
	EndGlobalSection
	GlobalSection(SolutionProperties) = preSolution
		HideSolutionNode = FALSE
	EndGlobalSection
	GlobalSection(ExtensibilityGlobals) = postSolution
		SolutionGuid = {8ECD408F-9B95-4939-9258-E3232FF87D34}
	EndGlobalSection
EndGlobal
